
Microsoft Visual Studio Solution File, Format Version 12.00
# Visual Studio Version 16
VisualStudioVersion = 16.0.29509.3
MinimumVisualStudioVersion = 10.0.40219.1
Project("{FAE04EC0-301F-11D3-BF4B-00C04F79EFBC}") = "DocuProject", "DocuProject\DocuProject.csproj", "{C3B8BC84-37E3-499E-9343-EE07332A63C0}"
EndProject
Project("{E24C65DC-7377-472B-9ABA-BC803B73C61A}") = "theme-rtl", "..\..\..\Downloads\themeforest-2jDab7EJ-vidoe-video-streaming-website-html-template\template\theme-rtl\", "{CB9D88E1-9741-4E28-B788-26D4CA3D2C7A}"
	ProjectSection(WebsiteProperties) = preProject
		TargetFrameworkMoniker = ".NETFramework,Version%3Dv4.0"
		Debug.AspNetCompiler.VirtualPath = "/localhost_52965"
		Debug.AspNetCompiler.PhysicalPath = "..\..\..\Downloads\themeforest-2jDab7EJ-vidoe-video-streaming-website-html-template\template\theme-rtl\"
		Debug.AspNetCompiler.TargetPath = "PrecompiledWeb\localhost_52965\"
		Debug.AspNetCompiler.Updateable = "true"
		Debug.AspNetCompiler.ForceOverwrite = "true"
		Debug.AspNetCompiler.FixedNames = "false"
		Debug.AspNetCompiler.Debug = "True"
		Release.AspNetCompiler.VirtualPath = "/localhost_52965"
		Release.AspNetCompiler.PhysicalPath = "..\..\..\Downloads\themeforest-2jDab7EJ-vidoe-video-streaming-website-html-template\template\theme-rtl\"
		Release.AspNetCompiler.TargetPath = "PrecompiledWeb\localhost_52965\"
		Release.AspNetCompiler.Updateable = "true"
		Release.AspNetCompiler.ForceOverwrite = "true"
		Release.AspNetCompiler.FixedNames = "false"
		Release.AspNetCompiler.Debug = "False"
		VWDPort = "52965"
		SlnRelativePath = "..\..\..\Downloads\themeforest-2jDab7EJ-vidoe-video-streaming-website-html-template\template\theme-rtl\"
	EndProjectSection
	ProjectSection(ProjectDependencies) = postProject
		{C3B8BC84-37E3-499E-9343-EE07332A63C0} = {C3B8BC84-37E3-499E-9343-EE07332A63C0}
	EndProjectSection
EndProject
Global
	GlobalSection(SolutionConfigurationPlatforms) = preSolution
		Debug|Any CPU = Debug|Any CPU
		Release|Any CPU = Release|Any CPU
	EndGlobalSection
	GlobalSection(ProjectConfigurationPlatforms) = postSolution
		{C3B8BC84-37E3-499E-9343-EE07332A63C0}.Debug|Any CPU.ActiveCfg = Debug|Any CPU
		{C3B8BC84-37E3-499E-9343-EE07332A63C0}.Debug|Any CPU.Build.0 = Debug|Any CPU
		{C3B8BC84-37E3-499E-9343-EE07332A63C0}.Release|Any CPU.ActiveCfg = Release|Any CPU
		{C3B8BC84-37E3-499E-9343-EE07332A63C0}.Release|Any CPU.Build.0 = Release|Any CPU
		{CB9D88E1-9741-4E28-B788-26D4CA3D2C7A}.Debug|Any CPU.ActiveCfg = Debug|Any CPU
		{CB9D88E1-9741-4E28-B788-26D4CA3D2C7A}.Debug|Any CPU.Build.0 = Debug|Any CPU
		{CB9D88E1-9741-4E28-B788-26D4CA3D2C7A}.Release|Any CPU.ActiveCfg = Debug|Any CPU
		{CB9D88E1-9741-4E28-B788-26D4CA3D2C7A}.Release|Any CPU.Build.0 = Debug|Any CPU
	EndGlobalSection
	GlobalSection(SolutionProperties) = preSolution
		HideSolutionNode = FALSE
	EndGlobalSection
	GlobalSection(ExtensibilityGlobals) = postSolution
		SolutionGuid = {5A9C343D-DAC0-4F9E-BC0E-F9EAFEF943C0}
	EndGlobalSection
EndGlobal
